
Microsoft Visual Studio Solution File, Format Version 12.00
# Visual Studio 15
VisualStudioVersion = 15.0.28010.2003
MinimumVisualStudioVersion = 10.0.40219.1
Project("{8BC9CEB8-8B4A-11D0-8D11-00A0C91BC942}") = "sudoku", "第三版_数独\第三版_数独.vcxproj", "{D6B0BD13-7313-4695-B80F-8E531046C836}"
EndProject
Project("{8BC9CEB8-8B4A-11D0-8D11-00A0C91BC942}") = "UnitTest1", "UnitTest1\UnitTest1.vcxproj", "{4AEE4F3C-3275-4BD9-9057-3046A02D32E8}"
EndProject
Global
	GlobalSection(SolutionConfigurationPlatforms) = preSolution
		Debug|x64 = Debug|x64
		Debug|x86 = Debug|x86
		Release|x64 = Release|x64
		Release|x86 = Release|x86
	EndGlobalSection
	GlobalSection(ProjectConfigurationPlatforms) = postSolution
		{D6B0BD13-7313-4695-B80F-8E531046C836}.Debug|x64.ActiveCfg = Debug|x64
		{D6B0BD13-7313-4695-B80F-8E531046C836}.Debug|x64.Build.0 = Debug|x64
		{D6B0BD13-7313-4695-B80F-8E531046C836}.Debug|x86.ActiveCfg = Debug|Win32
		{D6B0BD13-7313-4695-B80F-8E531046C836}.Debug|x86.Build.0 = Debug|Win32
		{D6B0BD13-7313-4695-B80F-8E531046C836}.Release|x64.ActiveCfg = Release|x64
		{D6B0BD13-7313-4695-B80F-8E531046C836}.Release|x64.Build.0 = Release|x64
		{D6B0BD13-7313-4695-B80F-8E531046C836}.Release|x86.ActiveCfg = Release|Win32
		{D6B0BD13-7313-4695-B80F-8E531046C836}.Release|x86.Build.0 = Release|Win32
		{4AEE4F3C-3275-4BD9-9057-3046A02D32E8}.Debug|x64.ActiveCfg = Debug|x64
		{4AEE4F3C-3275-4BD9-9057-3046A02D32E8}.Debug|x64.Build.0 = Debug|x64
		{4AEE4F3C-3275-4BD9-9057-3046A02D32E8}.Debug|x86.ActiveCfg = Debug|Win32
		{4AEE4F3C-3275-4BD9-9057-3046A02D32E8}.Debug|x86.Build.0 = Debug|Win32
		{4AEE4F3C-3275-4BD9-9057-3046A02D32E8}.Release|x64.ActiveCfg = Release|x64
		{4AEE4F3C-3275-4BD9-9057-3046A02D32E8}.Release|x64.Build.0 = Release|x64
		{4AEE4F3C-3275-4BD9-9057-3046A02D32E8}.Release|x86.ActiveCfg = Release|Win32
		{4AEE4F3C-3275-4BD9-9057-3046A02D32E8}.Release|x86.Build.0 = Release|Win32
	EndGlobalSection
	GlobalSection(SolutionProperties) = preSolution
		HideSolutionNode = FALSE
	EndGlobalSection
	GlobalSection(ExtensibilityGlobals) = postSolution
		SolutionGuid = {ABB29074-1E88-49F1-8D71-8C41069EC766}
	EndGlobalSection
EndGlobal
